
Microsoft Visual Studio Solution File, Format Version 12.00
# Visual Studio Version 17
VisualStudioVersion = 17.10.35201.131
MinimumVisualStudioVersion = 10.0.40219.1
Project("{9A19103F-16F7-4668-BE54-9A1E7A4F7556}") = "Cartuchada", "Cartuchada\Cartuchada.csproj", "{71B9A702-B98C-4CDD-8642-EFE97D28AFE8}"
EndProject
Project("{9A19103F-16F7-4668-BE54-9A1E7A4F7556}") = "1-Domain", "1-Entities\1-Domain.csproj", "{FC052DE7-247D-45C8-BAEB-24AD9E0C485A}"
EndProject
Project("{9A19103F-16F7-4668-BE54-9A1E7A4F7556}") = "Cartuchada-Console", "Cartuchada-Console\Cartuchada-Console.csproj", "{41B51CD9-5E26-48FA-91BC-7F319AE384BD}"
EndProject
Project("{9A19103F-16F7-4668-BE54-9A1E7A4F7556}") = "2-Services", "2-Services\2-Services.csproj", "{4752C93B-9B2F-4AFD-B67E-5B4BF92A7591}"
EndProject
Project("{9A19103F-16F7-4668-BE54-9A1E7A4F7556}") = "3-Data", "3-Data\3-Data.csproj", "{BB4E88D2-BBEE-4BFA-A263-3E897A4F6BA5}"
EndProject
Project("{9A19103F-16F7-4668-BE54-9A1E7A4F7556}") = "3-Repository", "3-Repository\3-Repository.csproj", "{7F733459-60F1-4265-898B-CB4ED9A486DC}"
EndProject
Project("{9A19103F-16F7-4668-BE54-9A1E7A4F7556}") = "3-Mappers", "3-Mappers\3-Mappers.csproj", "{E7AE77C9-A260-4DC4-933B-8E86A3B0A663}"
EndProject
Project("{9A19103F-16F7-4668-BE54-9A1E7A4F7556}") = "3-ReferenceSystem", "3-ReferenceSystem\3-ReferenceSystem.csproj", "{ABB3962E-7174-47F6-949D-3A3A603832F2}"
EndProject
Project("{9A19103F-16F7-4668-BE54-9A1E7A4F7556}") = "3-StatisticSystem", "3-StatisticSystem\3-StatisticSystem.csproj", "{4AFFA809-BC97-4DD0-9816-41D97D40BBC1}"
EndProject
Project("{9A19103F-16F7-4668-BE54-9A1E7A4F7556}") = "3-AccountingSystem", "3-AccountingSystem\3-AccountingSystem.csproj", "{7C5C8FF3-6FD4-4E20-AC84-FC1B2A0029A9}"
EndProject
Project("{9A19103F-16F7-4668-BE54-9A1E7A4F7556}") = "3-Loggers", "3-Loggers\3-Loggers.csproj", "{42282008-228C-4396-9ABF-B1D084A2BBEA}"
EndProject
Project("{9A19103F-16F7-4668-BE54-9A1E7A4F7556}") = "3-Validators", "3-Validators\3-Validators.csproj", "{0769FBBC-FEB2-4900-8D4F-C4A2AE371880}"
EndProject
Global
	GlobalSection(SolutionConfigurationPlatforms) = preSolution
		Debug|Any CPU = Debug|Any CPU
		Release|Any CPU = Release|Any CPU
	EndGlobalSection
	GlobalSection(ProjectConfigurationPlatforms) = postSolution
		{71B9A702-B98C-4CDD-8642-EFE97D28AFE8}.Debug|Any CPU.ActiveCfg = Debug|Any CPU
		{71B9A702-B98C-4CDD-8642-EFE97D28AFE8}.Debug|Any CPU.Build.0 = Debug|Any CPU
		{71B9A702-B98C-4CDD-8642-EFE97D28AFE8}.Release|Any CPU.ActiveCfg = Release|Any CPU
		{71B9A702-B98C-4CDD-8642-EFE97D28AFE8}.Release|Any CPU.Build.0 = Release|Any CPU
		{FC052DE7-247D-45C8-BAEB-24AD9E0C485A}.Debug|Any CPU.ActiveCfg = Debug|Any CPU
		{FC052DE7-247D-45C8-BAEB-24AD9E0C485A}.Debug|Any CPU.Build.0 = Debug|Any CPU
		{FC052DE7-247D-45C8-BAEB-24AD9E0C485A}.Release|Any CPU.ActiveCfg = Release|Any CPU
		{FC052DE7-247D-45C8-BAEB-24AD9E0C485A}.Release|Any CPU.Build.0 = Release|Any CPU
		{41B51CD9-5E26-48FA-91BC-7F319AE384BD}.Debug|Any CPU.ActiveCfg = Debug|Any CPU
		{41B51CD9-5E26-48FA-91BC-7F319AE384BD}.Debug|Any CPU.Build.0 = Debug|Any CPU
		{41B51CD9-5E26-48FA-91BC-7F319AE384BD}.Release|Any CPU.ActiveCfg = Release|Any CPU
		{41B51CD9-5E26-48FA-91BC-7F319AE384BD}.Release|Any CPU.Build.0 = Release|Any CPU
		{4752C93B-9B2F-4AFD-B67E-5B4BF92A7591}.Debug|Any CPU.ActiveCfg = Debug|Any CPU
		{4752C93B-9B2F-4AFD-B67E-5B4BF92A7591}.Debug|Any CPU.Build.0 = Debug|Any CPU
		{4752C93B-9B2F-4AFD-B67E-5B4BF92A7591}.Release|Any CPU.ActiveCfg = Release|Any CPU
		{4752C93B-9B2F-4AFD-B67E-5B4BF92A7591}.Release|Any CPU.Build.0 = Release|Any CPU
		{BB4E88D2-BBEE-4BFA-A263-3E897A4F6BA5}.Debug|Any CPU.ActiveCfg = Debug|Any CPU
		{BB4E88D2-BBEE-4BFA-A263-3E897A4F6BA5}.Debug|Any CPU.Build.0 = Debug|Any CPU
		{BB4E88D2-BBEE-4BFA-A263-3E897A4F6BA5}.Release|Any CPU.ActiveCfg = Release|Any CPU
		{BB4E88D2-BBEE-4BFA-A263-3E897A4F6BA5}.Release|Any CPU.Build.0 = Release|Any CPU
		{7F733459-60F1-4265-898B-CB4ED9A486DC}.Debug|Any CPU.ActiveCfg = Debug|Any CPU
		{7F733459-60F1-4265-898B-CB4ED9A486DC}.Debug|Any CPU.Build.0 = Debug|Any CPU
		{7F733459-60F1-4265-898B-CB4ED9A486DC}.Release|Any CPU.ActiveCfg = Release|Any CPU
		{7F733459-60F1-4265-898B-CB4ED9A486DC}.Release|Any CPU.Build.0 = Release|Any CPU
		{E7AE77C9-A260-4DC4-933B-8E86A3B0A663}.Debug|Any CPU.ActiveCfg = Debug|Any CPU
		{E7AE77C9-A260-4DC4-933B-8E86A3B0A663}.Debug|Any CPU.Build.0 = Debug|Any CPU
		{E7AE77C9-A260-4DC4-933B-8E86A3B0A663}.Release|Any CPU.ActiveCfg = Release|Any CPU
		{E7AE77C9-A260-4DC4-933B-8E86A3B0A663}.Release|Any CPU.Build.0 = Release|Any CPU
		{ABB3962E-7174-47F6-949D-3A3A603832F2}.Debug|Any CPU.ActiveCfg = Debug|Any CPU
		{ABB3962E-7174-47F6-949D-3A3A603832F2}.Debug|Any CPU.Build.0 = Debug|Any CPU
		{ABB3962E-7174-47F6-949D-3A3A603832F2}.Release|Any CPU.ActiveCfg = Release|Any CPU
		{ABB3962E-7174-47F6-949D-3A3A603832F2}.Release|Any CPU.Build.0 = Release|Any CPU
		{4AFFA809-BC97-4DD0-9816-41D97D40BBC1}.Debug|Any CPU.ActiveCfg = Debug|Any CPU
		{4AFFA809-BC97-4DD0-9816-41D97D40BBC1}.Debug|Any CPU.Build.0 = Debug|Any CPU
		{4AFFA809-BC97-4DD0-9816-41D97D40BBC1}.Release|Any CPU.ActiveCfg = Release|Any CPU
		{4AFFA809-BC97-4DD0-9816-41D97D40BBC1}.Release|Any CPU.Build.0 = Release|Any CPU
		{7C5C8FF3-6FD4-4E20-AC84-FC1B2A0029A9}.Debug|Any CPU.ActiveCfg = Debug|Any CPU
		{7C5C8FF3-6FD4-4E20-AC84-FC1B2A0029A9}.Debug|Any CPU.Build.0 = Debug|Any CPU
		{7C5C8FF3-6FD4-4E20-AC84-FC1B2A0029A9}.Release|Any CPU.ActiveCfg = Release|Any CPU
		{7C5C8FF3-6FD4-4E20-AC84-FC1B2A0029A9}.Release|Any CPU.Build.0 = Release|Any CPU
		{42282008-228C-4396-9ABF-B1D084A2BBEA}.Debug|Any CPU.ActiveCfg = Debug|Any CPU
		{42282008-228C-4396-9ABF-B1D084A2BBEA}.Debug|Any CPU.Build.0 = Debug|Any CPU
		{42282008-228C-4396-9ABF-B1D084A2BBEA}.Release|Any CPU.ActiveCfg = Release|Any CPU
		{42282008-228C-4396-9ABF-B1D084A2BBEA}.Release|Any CPU.Build.0 = Release|Any CPU
		{0769FBBC-FEB2-4900-8D4F-C4A2AE371880}.Debug|Any CPU.ActiveCfg = Debug|Any CPU
		{0769FBBC-FEB2-4900-8D4F-C4A2AE371880}.Debug|Any CPU.Build.0 = Debug|Any CPU
		{0769FBBC-FEB2-4900-8D4F-C4A2AE371880}.Release|Any CPU.ActiveCfg = Release|Any CPU
		{0769FBBC-FEB2-4900-8D4F-C4A2AE371880}.Release|Any CPU.Build.0 = Release|Any CPU
	EndGlobalSection
	GlobalSection(SolutionProperties) = preSolution
		HideSolutionNode = FALSE
	EndGlobalSection
	GlobalSection(ExtensibilityGlobals) = postSolution
		SolutionGuid = {C19F2C96-E8D6-4D3B-8F28-72D22D062898}
	EndGlobalSection
EndGlobal
